
Microsoft Visual Studio Solution File, Format Version 12.00
# Visual Studio Version 17
VisualStudioVersion = 17.14.36705.20 d17.14
MinimumVisualStudioVersion = 10.0.40219.1
Project("{FAE04EC0-301F-11D3-BF4B-00C04F79EFBC}") = "DZ_6_(23.10.25)", "DZ_6_(23.10.25).csproj", "{6BF85806-FB5B-4E66-9235-6DC09E7DA285}"
EndProject
Global
	GlobalSection(SolutionConfigurationPlatforms) = preSolution
		Debug|Any CPU = Debug|Any CPU
		Release|Any CPU = Release|Any CPU
	EndGlobalSection
	GlobalSection(ProjectConfigurationPlatforms) = postSolution
		{6BF85806-FB5B-4E66-9235-6DC09E7DA285}.Debug|Any CPU.ActiveCfg = Debug|Any CPU
		{6BF85806-FB5B-4E66-9235-6DC09E7DA285}.Debug|Any CPU.Build.0 = Debug|Any CPU
		{6BF85806-FB5B-4E66-9235-6DC09E7DA285}.Release|Any CPU.ActiveCfg = Release|Any CPU
		{6BF85806-FB5B-4E66-9235-6DC09E7DA285}.Release|Any CPU.Build.0 = Release|Any CPU
	EndGlobalSection
	GlobalSection(SolutionProperties) = preSolution
		HideSolutionNode = FALSE
	EndGlobalSection
	GlobalSection(ExtensibilityGlobals) = postSolution
		SolutionGuid = {A5618BD5-48B0-4329-932D-28811BEC991B}
	EndGlobalSection
EndGlobal
